{
  "requires": true,
  "lockfileVersion": 1,
  "dependencies": {
    "ccxt": {
      "version": "1.18.1134",
      "resolved": "https://registry.npmjs.org/ccxt/-/ccxt-1.18.1134.tgz",
      "integrity": "sha512-F+Fs4Ps/cTqy57q4YXwONeZrk7tLUrzY4PGmq2EXKnAOZjomUwM94Vv5ulSQwole0nyn7Wb9zAkHLNikDbbMkA=="
    }
  }
}
